
Microsoft Visual Studio Solution File, Format Version 12.00
# Visual Studio Version 16
VisualStudioVersion = 16.0.810.9
MinimumVisualStudioVersion = 10.0.40219.1
Project("{FAE04EC0-301F-11D3-BF4B-00C04F79EFBC}") = "Catalog", "Catalog\Catalog.csproj", "{682B1960-4846-4E14-BAA9-2DB78EF71A71}"
EndProject
Global
	GlobalSection(SolutionConfigurationPlatforms) = preSolution
		Debug|Any CPU = Debug|Any CPU
		Release|Any CPU = Release|Any CPU
	EndGlobalSection
	GlobalSection(ProjectConfigurationPlatforms) = postSolution
		{682B1960-4846-4E14-BAA9-2DB78EF71A71}.Debug|Any CPU.ActiveCfg = Debug|Any CPU
		{682B1960-4846-4E14-BAA9-2DB78EF71A71}.Debug|Any CPU.Build.0 = Debug|Any CPU
		{682B1960-4846-4E14-BAA9-2DB78EF71A71}.Release|Any CPU.ActiveCfg = Release|Any CPU
		{682B1960-4846-4E14-BAA9-2DB78EF71A71}.Release|Any CPU.Build.0 = Release|Any CPU
	EndGlobalSection
	GlobalSection(SolutionProperties) = preSolution
		HideSolutionNode = FALSE
	EndGlobalSection
	GlobalSection(ExtensibilityGlobals) = postSolution
		SolutionGuid = {EC308362-6F17-4F26-B010-B12B4FE32E57}
	EndGlobalSection
EndGlobal
