
Microsoft Visual Studio Solution File, Format Version 12.00
# Visual Studio Version 16
VisualStudioVersion = 16.0.810.9
MinimumVisualStudioVersion = 10.0.40219.1
Project("{FAE04EC0-301F-11D3-BF4B-00C04F79EFBC}") = "Catalog", "Catalog\Catalog.csproj", "{682B1960-4846-4E14-BAA9-2DB78EF71A71}"
EndProject
Project("{E53339B2-1760-4266-BCC7-CA923CBCF16C}") = "docker-compose", "docker-compose.dcproj", "{9EEA6A47-F6C0-4F91-AB72-AB28C76FB444}"
EndProject
Project("{FAE04EC0-301F-11D3-BF4B-00C04F79EFBC}") = "Catalog.UnitTests", "Catalog.UnitTests\Catalog.UnitTests.csproj", "{1CAEA190-02C7-4489-95B0-C9630BC6C89F}"
EndProject
Global
	GlobalSection(SolutionConfigurationPlatforms) = preSolution
		Debug|Any CPU = Debug|Any CPU
		Release|Any CPU = Release|Any CPU
	EndGlobalSection
	GlobalSection(ProjectConfigurationPlatforms) = postSolution
		{682B1960-4846-4E14-BAA9-2DB78EF71A71}.Debug|Any CPU.ActiveCfg = Debug|Any CPU
		{682B1960-4846-4E14-BAA9-2DB78EF71A71}.Debug|Any CPU.Build.0 = Debug|Any CPU
		{682B1960-4846-4E14-BAA9-2DB78EF71A71}.Release|Any CPU.ActiveCfg = Release|Any CPU
		{682B1960-4846-4E14-BAA9-2DB78EF71A71}.Release|Any CPU.Build.0 = Release|Any CPU
		{9EEA6A47-F6C0-4F91-AB72-AB28C76FB444}.Debug|Any CPU.ActiveCfg = Debug|Any CPU
		{9EEA6A47-F6C0-4F91-AB72-AB28C76FB444}.Debug|Any CPU.Build.0 = Debug|Any CPU
		{9EEA6A47-F6C0-4F91-AB72-AB28C76FB444}.Release|Any CPU.ActiveCfg = Release|Any CPU
		{9EEA6A47-F6C0-4F91-AB72-AB28C76FB444}.Release|Any CPU.Build.0 = Release|Any CPU
		{1CAEA190-02C7-4489-95B0-C9630BC6C89F}.Debug|Any CPU.ActiveCfg = Debug|Any CPU
		{1CAEA190-02C7-4489-95B0-C9630BC6C89F}.Debug|Any CPU.Build.0 = Debug|Any CPU
		{1CAEA190-02C7-4489-95B0-C9630BC6C89F}.Release|Any CPU.ActiveCfg = Release|Any CPU
		{1CAEA190-02C7-4489-95B0-C9630BC6C89F}.Release|Any CPU.Build.0 = Release|Any CPU
	EndGlobalSection
	GlobalSection(SolutionProperties) = preSolution
		HideSolutionNode = FALSE
	EndGlobalSection
	GlobalSection(ExtensibilityGlobals) = postSolution
		SolutionGuid = {EC308362-6F17-4F26-B010-B12B4FE32E57}
	EndGlobalSection
EndGlobal
